// !$*UTF8*$!
{
	archiveVersion = 1;
	classes = {
	};
	objectVersion = 55;
	objects = {

/* Begin PBXBuildFile section */
		043FE3D528BFAC3600801CCA /* AppDelegate.swift in Sources */ = {isa = PBXBuildFile; fileRef = 043FE3D428BFAC3600801CCA /* AppDelegate.swift */; };
		043FE3D728BFAC3600801CCA /* SceneDelegate.swift in Sources */ = {isa = PBXBuildFile; fileRef = 043FE3D628BFAC3600801CCA /* SceneDelegate.swift */; };
		043FE3DE28BFAC5000801CCA /* Assets.xcassets in Resources */ = {isa = PBXBuildFile; fileRef = 043FE3DD28BFAC5000801CCA /* Assets.xcassets */; };
		043FE3E128BFAC5000801CCA /* LaunchScreen.storyboard in Resources */ = {isa = PBXBuildFile; fileRef = 043FE3DF28BFAC5000801CCA /* LaunchScreen.storyboard */; };
		04BBE9CE28BFADBE002CE6AA /* AlertController.swift in Sources */ = {isa = PBXBuildFile; fileRef = 04BBE9CC28BFADBE002CE6AA /* AlertController.swift */; };
		04BBE9CF28BFADBE002CE6AA /* error.jpeg in Resources */ = {isa = PBXBuildFile; fileRef = 04BBE9CD28BFADBE002CE6AA /* error.jpeg */; };
		04BBE9D428BFADCC002CE6AA /* FoldersViewController.swift in Sources */ = {isa = PBXBuildFile; fileRef = 04BBE9D028BFADCB002CE6AA /* FoldersViewController.swift */; };
		04BBE9D528BFADCC002CE6AA /* GreetingViewController.swift in Sources */ = {isa = PBXBuildFile; fileRef = 04BBE9D128BFADCB002CE6AA /* GreetingViewController.swift */; };
		04BBE9D628BFADCC002CE6AA /* FolderContentViewController.swift in Sources */ = {isa = PBXBuildFile; fileRef = 04BBE9D228BFADCC002CE6AA /* FolderContentViewController.swift */; };
		04BBE9D728BFADCC002CE6AA /* MainViewController.swift in Sources */ = {isa = PBXBuildFile; fileRef = 04BBE9D328BFADCC002CE6AA /* MainViewController.swift */; };
		04BBE9D928BFADDC002CE6AA /* User.swift in Sources */ = {isa = PBXBuildFile; fileRef = 04BBE9D828BFADDC002CE6AA /* User.swift */; };
		04BBE9DB28BFADE4002CE6AA /* StorageManager.swift in Sources */ = {isa = PBXBuildFile; fileRef = 04BBE9DA28BFADE4002CE6AA /* StorageManager.swift */; };
		04BBE9DE28BFAF1D002CE6AA /* Realm in Frameworks */ = {isa = PBXBuildFile; productRef = 04BBE9DD28BFAF1D002CE6AA /* Realm */; };
		04BBE9E028BFAF1D002CE6AA /* RealmSwift in Frameworks */ = {isa = PBXBuildFile; productRef = 04BBE9DF28BFAF1D002CE6AA /* RealmSwift */; };
/* End PBXBuildFile section */

/* Begin PBXFileReference section */
		043FE3D128BFAC3600801CCA /* DataStoreApp.app */ = {isa = PBXFileReference; explicitFileType = wrapper.application; includeInIndex = 0; path = DataStoreApp.app; sourceTree = BUILT_PRODUCTS_DIR; };
		043FE3D428BFAC3600801CCA /* AppDelegate.swift */ = {isa = PBXFileReference; lastKnownFileType = sourcecode.swift; path = AppDelegate.swift; sourceTree = "<group>"; };
		043FE3D628BFAC3600801CCA /* SceneDelegate.swift */ = {isa = PBXFileReference; lastKnownFileType = sourcecode.swift; path = SceneDelegate.swift; sourceTree = "<group>"; };
		043FE3DD28BFAC5000801CCA /* Assets.xcassets */ = {isa = PBXFileReference; lastKnownFileType = folder.assetcatalog; path = Assets.xcassets; sourceTree = "<group>"; };
		043FE3E028BFAC5000801CCA /* Base */ = {isa = PBXFileReference; lastKnownFileType = file.storyboard; name = Base; path = Base.lproj/LaunchScreen.storyboard; sourceTree = "<group>"; };
		043FE3E228BFAC5000801CCA /* Info.plist */ = {isa = PBXFileReference; lastKnownFileType = text.plist.xml; path = Info.plist; sourceTree = "<group>"; };
		04BBE9CC28BFADBE002CE6AA /* AlertController.swift */ = {isa = PBXFileReference; fileEncoding = 4; lastKnownFileType = sourcecode.swift; path = AlertController.swift; sourceTree = "<group>"; };
		04BBE9CD28BFADBE002CE6AA /* error.jpeg */ = {isa = PBXFileReference; lastKnownFileType = image.jpeg; path = error.jpeg; sourceTree = "<group>"; };
		04BBE9D028BFADCB002CE6AA /* FoldersViewController.swift */ = {isa = PBXFileReference; fileEncoding = 4; lastKnownFileType = sourcecode.swift; path = FoldersViewController.swift; sourceTree = "<group>"; };
		04BBE9D128BFADCB002CE6AA /* GreetingViewController.swift */ = {isa = PBXFileReference; fileEncoding = 4; lastKnownFileType = sourcecode.swift; path = GreetingViewController.swift; sourceTree = "<group>"; };
		04BBE9D228BFADCC002CE6AA /* FolderContentViewController.swift */ = {isa = PBXFileReference; fileEncoding = 4; lastKnownFileType = sourcecode.swift; path = FolderContentViewController.swift; sourceTree = "<group>"; };
		04BBE9D328BFADCC002CE6AA /* MainViewController.swift */ = {isa = PBXFileReference; fileEncoding = 4; lastKnownFileType = sourcecode.swift; path = MainViewController.swift; sourceTree = "<group>"; };
		04BBE9D828BFADDC002CE6AA /* User.swift */ = {isa = PBXFileReference; fileEncoding = 4; lastKnownFileType = sourcecode.swift; path = User.swift; sourceTree = "<group>"; };
		04BBE9DA28BFADE4002CE6AA /* StorageManager.swift */ = {isa = PBXFileReference; fileEncoding = 4; lastKnownFileType = sourcecode.swift; path = StorageManager.swift; sourceTree = "<group>"; };
/* End PBXFileReference section */

/* Begin PBXFrameworksBuildPhase section */
		043FE3CE28BFAC3600801CCA /* Frameworks */ = {
			isa = PBXFrameworksBuildPhase;
			buildActionMask = 2147483647;
			files = (
				04BBE9E028BFAF1D002CE6AA /* RealmSwift in Frameworks */,
				04BBE9DE28BFAF1D002CE6AA /* Realm in Frameworks */,
			);
			runOnlyForDeploymentPostprocessing = 0;
		};
/* End PBXFrameworksBuildPhase section */

/* Begin PBXGroup section */
		043FE3C828BFAC3600801CCA = {
			isa = PBXGroup;
			children = (
				043FE3D328BFAC3600801CCA /* DataStoreApp */,
				043FE3D228BFAC3600801CCA /* Products */,
			);
			sourceTree = "<group>";
		};
		043FE3D228BFAC3600801CCA /* Products */ = {
			isa = PBXGroup;
			children = (
				043FE3D128BFAC3600801CCA /* DataStoreApp.app */,
			);
			name = Products;
			sourceTree = "<group>";
		};
		043FE3D328BFAC3600801CCA /* DataStoreApp */ = {
			isa = PBXGroup;
			children = (
				04BBE9E128BFB4CD002CE6AA /* App */,
				04BBE9E228BFB4DE002CE6AA /* Helpers */,
				04BBE9E328BFB4EE002CE6AA /* ViewControllers */,
				04BBE9E428BFB501002CE6AA /* Models */,
				04BBE9E528BFB50B002CE6AA /* Services */,
				043FE3DD28BFAC5000801CCA /* Assets.xcassets */,
				043FE3DF28BFAC5000801CCA /* LaunchScreen.storyboard */,
			);
			path = DataStoreApp;
			sourceTree = "<group>";
		};
		04BBE9E128BFB4CD002CE6AA /* App */ = {
			isa = PBXGroup;
			children = (
				043FE3D428BFAC3600801CCA /* AppDelegate.swift */,
				043FE3D628BFAC3600801CCA /* SceneDelegate.swift */,
				043FE3E228BFAC5000801CCA /* Info.plist */,
			);
			path = App;
			sourceTree = "<group>";
		};
		04BBE9E228BFB4DE002CE6AA /* Helpers */ = {
			isa = PBXGroup;
			children = (
				04BBE9CD28BFADBE002CE6AA /* error.jpeg */,
				04BBE9CC28BFADBE002CE6AA /* AlertController.swift */,
			);
			path = Helpers;
			sourceTree = "<group>";
		};
		04BBE9E328BFB4EE002CE6AA /* ViewControllers */ = {
			isa = PBXGroup;
			children = (
				04BBE9D228BFADCC002CE6AA /* FolderContentViewController.swift */,
				04BBE9D028BFADCB002CE6AA /* FoldersViewController.swift */,
				04BBE9D328BFADCC002CE6AA /* MainViewController.swift */,
				04BBE9D128BFADCB002CE6AA /* GreetingViewController.swift */,
			);
			path = ViewControllers;
			sourceTree = "<group>";
		};
		04BBE9E428BFB501002CE6AA /* Models */ = {
			isa = PBXGroup;
			children = (
				04BBE9D828BFADDC002CE6AA /* User.swift */,
			);
			path = Models;
			sourceTree = "<group>";
		};
		04BBE9E528BFB50B002CE6AA /* Services */ = {
			isa = PBXGroup;
			children = (
				04BBE9DA28BFADE4002CE6AA /* StorageManager.swift */,
			);
			path = Services;
			sourceTree = "<group>";
		};
/* End PBXGroup section */

/* Begin PBXNativeTarget section */
		043FE3D028BFAC3600801CCA /* DataStoreApp */ = {
			isa = PBXNativeTarget;
			buildConfigurationList = 043FE3E528BFAC5000801CCA /* Build configuration list for PBXNativeTarget "DataStoreApp" */;
			buildPhases = (
				043FE3CD28BFAC3600801CCA /* Sources */,
				043FE3CE28BFAC3600801CCA /* Frameworks */,
				043FE3CF28BFAC3600801CCA /* Resources */,
			);
			buildRules = (
			);
			dependencies = (
			);
			name = DataStoreApp;
			packageProductDependencies = (
				04BBE9DD28BFAF1D002CE6AA /* Realm */,
				04BBE9DF28BFAF1D002CE6AA /* RealmSwift */,
			);
			productName = DataStoreApp;
			productReference = 043FE3D128BFAC3600801CCA /* DataStoreApp.app */;
			productType = "com.apple.product-type.application";
		};
/* End PBXNativeTarget section */

/* Begin PBXProject section */
		043FE3C928BFAC3600801CCA /* Project object */ = {
			isa = PBXProject;
			attributes = {
				BuildIndependentTargetsInParallel = 1;
				LastSwiftUpdateCheck = 1340;
				LastUpgradeCheck = 1340;
				TargetAttributes = {
					043FE3D028BFAC3600801CCA = {
						CreatedOnToolsVersion = 13.4.1;
					};
				};
			};
			buildConfigurationList = 043FE3CC28BFAC3600801CCA /* Build configuration list for PBXProject "DataStoreApp" */;
			compatibilityVersion = "Xcode 13.0";
			developmentRegion = en;
			hasScannedForEncodings = 0;
			knownRegions = (
				en,
				Base,
			);
			mainGroup = 043FE3C828BFAC3600801CCA;
			packageReferences = (
				04BBE9DC28BFAF1D002CE6AA /* XCRemoteSwiftPackageReference "realm-swift" */,
			);
			productRefGroup = 043FE3D228BFAC3600801CCA /* Products */;
			projectDirPath = "";
			projectRoot = "";
			targets = (
				043FE3D028BFAC3600801CCA /* DataStoreApp */,
			);
		};
/* End PBXProject section */

/* Begin PBXResourcesBuildPhase section */
		043FE3CF28BFAC3600801CCA /* Resources */ = {
			isa = PBXResourcesBuildPhase;
			buildActionMask = 2147483647;
			files = (
				04BBE9CF28BFADBE002CE6AA /* error.jpeg in Resources */,
				043FE3E128BFAC5000801CCA /* LaunchScreen.storyboard in Resources */,
				043FE3DE28BFAC5000801CCA /* Assets.xcassets in Resources */,
			);
			runOnlyForDeploymentPostprocessing = 0;
		};
/* End PBXResourcesBuildPhase section */

/* Begin PBXSourcesBuildPhase section */
		043FE3CD28BFAC3600801CCA /* Sources */ = {
			isa = PBXSourcesBuildPhase;
			buildActionMask = 2147483647;
			files = (
				04BBE9D728BFADCC002CE6AA /* MainViewController.swift in Sources */,
				04BBE9D428BFADCC002CE6AA /* FoldersViewController.swift in Sources */,
				043FE3D528BFAC3600801CCA /* AppDelegate.swift in Sources */,
				04BBE9DB28BFADE4002CE6AA /* StorageManager.swift in Sources */,
				04BBE9D628BFADCC002CE6AA /* FolderContentViewController.swift in Sources */,
				04BBE9D928BFADDC002CE6AA /* User.swift in Sources */,
				04BBE9CE28BFADBE002CE6AA /* AlertController.swift in Sources */,
				04BBE9D528BFADCC002CE6AA /* GreetingViewController.swift in Sources */,
				043FE3D728BFAC3600801CCA /* SceneDelegate.swift in Sources */,
			);
			runOnlyForDeploymentPostprocessing = 0;
		};
/* End PBXSourcesBuildPhase section */

/* Begin PBXVariantGroup section */
		043FE3DF28BFAC5000801CCA /* LaunchScreen.storyboard */ = {
			isa = PBXVariantGroup;
			children = (
				043FE3E028BFAC5000801CCA /* Base */,
			);
			name = LaunchScreen.storyboard;
			sourceTree = "<group>";
		};
/* End PBXVariantGroup section */

/* Begin XCBuildConfiguration section */
		043FE3E328BFAC5000801CCA /* Debug */ = {
			isa = XCBuildConfiguration;
			buildSettings = {
				ALWAYS_SEARCH_USER_PATHS = NO;
				CLANG_ANALYZER_NONNULL = YES;
				CLANG_ANALYZER_NUMBER_OBJECT_CONVERSION = YES_AGGRESSIVE;
				CLANG_CXX_LANGUAGE_STANDARD = "gnu++17";
				CLANG_ENABLE_MODULES = YES;
				CLANG_ENABLE_OBJC_ARC = YES;
				CLANG_ENABLE_OBJC_WEAK = YES;
				CLANG_WARN_BLOCK_CAPTURE_AUTORELEASING = YES;
				CLANG_WARN_BOOL_CONVERSION = YES;
				CLANG_WARN_COMMA = YES;
				CLANG_WARN_CONSTANT_CONVERSION = YES;
				CLANG_WARN_DEPRECATED_OBJC_IMPLEMENTATIONS = YES;
				CLANG_WARN_DIRECT_OBJC_ISA_USAGE = YES_ERROR;
				CLANG_WARN_DOCUMENTATION_COMMENTS = YES;
				CLANG_WARN_EMPTY_BODY = YES;
				CLANG_WARN_ENUM_CONVERSION = YES;
				CLANG_WARN_INFINITE_RECURSION = YES;
				CLANG_WARN_INT_CONVERSION = YES;
				CLANG_WARN_NON_LITERAL_NULL_CONVERSION = YES;
				CLANG_WARN_OBJC_IMPLICIT_RETAIN_SELF = YES;
				CLANG_WARN_OBJC_LITERAL_CONVERSION = YES;
				CLANG_WARN_OBJC_ROOT_CLASS = YES_ERROR;
				CLANG_WARN_QUOTED_INCLUDE_IN_FRAMEWORK_HEADER = YES;
				CLANG_WARN_RANGE_LOOP_ANALYSIS = YES;
				CLANG_WARN_STRICT_PROTOTYPES = YES;
				CLANG_WARN_SUSPICIOUS_MOVE = YES;
				CLANG_WARN_UNGUARDED_AVAILABILITY = YES_AGGRESSIVE;
				CLANG_WARN_UNREACHABLE_CODE = YES;
				CLANG_WARN__DUPLICATE_METHOD_MATCH = YES;
				COPY_PHASE_STRIP = NO;
				DEBUG_INFORMATION_FORMAT = dwarf;
				ENABLE_STRICT_OBJC_MSGSEND = YES;
				ENABLE_TESTABILITY = YES;
				GCC_C_LANGUAGE_STANDARD = gnu11;
				GCC_DYNAMIC_NO_PIC = NO;
				GCC_NO_COMMON_BLOCKS = YES;
				GCC_OPTIMIZATION_LEVEL = 0;
				GCC_PREPROCESSOR_DEFINITIONS = (
					"DEBUG=1",
					"$(inherited)",
				);
				GCC_WARN_64_TO_32_BIT_CONVERSION = YES;
				GCC_WARN_ABOUT_RETURN_TYPE = YES_ERROR;
				GCC_WARN_UNDECLARED_SELECTOR = YES;
				GCC_WARN_UNINITIALIZED_AUTOS = YES_AGGRESSIVE;
				GCC_WARN_UNUSED_FUNCTION = YES;
				GCC_WARN_UNUSED_VARIABLE = YES;
				IPHONEOS_DEPLOYMENT_TARGET = 15.5;
				MTL_ENABLE_DEBUG_INFO = INCLUDE_SOURCE;
				MTL_FAST_MATH = YES;
				ONLY_ACTIVE_ARCH = YES;
				SDKROOT = iphoneos;
				SWIFT_ACTIVE_COMPILATION_CONDITIONS = DEBUG;
				SWIFT_OPTIMIZATION_LEVEL = "-Onone";
			};
			name = Debug;
		};
		043FE3E428BFAC5000801CCA /* Release */ = {
			isa = XCBuildConfiguration;
			buildSettings = {
				ALWAYS_SEARCH_USER_PATHS = NO;
				CLANG_ANALYZER_NONNULL = YES;
				CLANG_ANALYZER_NUMBER_OBJECT_CONVERSION = YES_AGGRESSIVE;
				CLANG_CXX_LANGUAGE_STANDARD = "gnu++17";
				CLANG_ENABLE_MODULES = YES;
				CLANG_ENABLE_OBJC_ARC = YES;
				CLANG_ENABLE_OBJC_WEAK = YES;
				CLANG_WARN_BLOCK_CAPTURE_AUTORELEASING = YES;
				CLANG_WARN_BOOL_CONVERSION = YES;
				CLANG_WARN_COMMA = YES;
				CLANG_WARN_CONSTANT_CONVERSION = YES;
				CLANG_WARN_DEPRECATED_OBJC_IMPLEMENTATIONS = YES;
				CLANG_WARN_DIRECT_OBJC_ISA_USAGE = YES_ERROR;
				CLANG_WARN_DOCUMENTATION_COMMENTS = YES;
				CLANG_WARN_EMPTY_BODY = YES;
				CLANG_WARN_ENUM_CONVERSION = YES;
				CLANG_WARN_INFINITE_RECURSION = YES;
				CLANG_WARN_INT_CONVERSION = YES;
				CLANG_WARN_NON_LITERAL_NULL_CONVERSION = YES;
				CLANG_WARN_OBJC_IMPLICIT_RETAIN_SELF = YES;
				CLANG_WARN_OBJC_LITERAL_CONVERSION = YES;
				CLANG_WARN_OBJC_ROOT_CLASS = YES_ERROR;
				CLANG_WARN_QUOTED_INCLUDE_IN_FRAMEWORK_HEADER = YES;
				CLANG_WARN_RANGE_LOOP_ANALYSIS = YES;
				CLANG_WARN_STRICT_PROTOTYPES = YES;
				CLANG_WARN_SUSPICIOUS_MOVE = YES;
				CLANG_WARN_UNGUARDED_AVAILABILITY = YES_AGGRESSIVE;
				CLANG_WARN_UNREACHABLE_CODE = YES;
				CLANG_WARN__DUPLICATE_METHOD_MATCH = YES;
				COPY_PHASE_STRIP = NO;
				DEBUG_INFORMATION_FORMAT = "dwarf-with-dsym";
				ENABLE_NS_ASSERTIONS = NO;
				ENABLE_STRICT_OBJC_MSGSEND = YES;
				GCC_C_LANGUAGE_STANDARD = gnu11;
				GCC_NO_COMMON_BLOCKS = YES;
				GCC_WARN_64_TO_32_BIT_CONVERSION = YES;
				GCC_WARN_ABOUT_RETURN_TYPE = YES_ERROR;
				GCC_WARN_UNDECLARED_SELECTOR = YES;
				GCC_WARN_UNINITIALIZED_AUTOS = YES_AGGRESSIVE;
				GCC_WARN_UNUSED_FUNCTION = YES;
				GCC_WARN_UNUSED_VARIABLE = YES;
				IPHONEOS_DEPLOYMENT_TARGET = 15.5;
				MTL_ENABLE_DEBUG_INFO = NO;
				MTL_FAST_MATH = YES;
				SDKROOT = iphoneos;
				SWIFT_COMPILATION_MODE = wholemodule;
				SWIFT_OPTIMIZATION_LEVEL = "-O";
				VALIDATE_PRODUCT = YES;
			};
			name = Release;
		};
		043FE3E628BFAC5000801CCA /* Debug */ = {
			isa = XCBuildConfiguration;
			buildSettings = {
				ASSETCATALOG_COMPILER_APPICON_NAME = AppIcon;
				ASSETCATALOG_COMPILER_GLOBAL_ACCENT_COLOR_NAME = AccentColor;
				CODE_SIGN_STYLE = Automatic;
				CURRENT_PROJECT_VERSION = 1;
				GENERATE_INFOPLIST_FILE = YES;
				INFOPLIST_FILE = DataStoreApp/App/Info.plist;
				INFOPLIST_KEY_UIApplicationSupportsIndirectInputEvents = YES;
				INFOPLIST_KEY_UILaunchStoryboardName = LaunchScreen;
				INFOPLIST_KEY_UISupportedInterfaceOrientations_iPad = "UIInterfaceOrientationPortrait UIInterfaceOrientationPortraitUpsideDown UIInterfaceOrientationLandscapeLeft UIInterfaceOrientationLandscapeRight";
				INFOPLIST_KEY_UISupportedInterfaceOrientations_iPhone = "UIInterfaceOrientationPortrait UIInterfaceOrientationLandscapeLeft UIInterfaceOrientationLandscapeRight";
				LD_RUNPATH_SEARCH_PATHS = (
					"$(inherited)",
					"@executable_path/Frameworks",
				);
				MARKETING_VERSION = 1.0;
				PRODUCT_BUNDLE_IDENTIFIER = k.DataStoreApp;
				PRODUCT_NAME = "$(TARGET_NAME)";
				SWIFT_EMIT_LOC_STRINGS = YES;
				SWIFT_VERSION = 5.0;
				TARGETED_DEVICE_FAMILY = "1,2";
			};
			name = Debug;
		};
		043FE3E728BFAC5000801CCA /* Release */ = {
			isa = XCBuildConfiguration;
			buildSettings = {
				ASSETCATALOG_COMPILER_APPICON_NAME = AppIcon;
				ASSETCATALOG_COMPILER_GLOBAL_ACCENT_COLOR_NAME = AccentColor;
				CODE_SIGN_STYLE = Automatic;
				CURRENT_PROJECT_VERSION = 1;
				GENERATE_INFOPLIST_FILE = YES;
				INFOPLIST_FILE = DataStoreApp/App/Info.plist;
				INFOPLIST_KEY_UIApplicationSupportsIndirectInputEvents = YES;
				INFOPLIST_KEY_UILaunchStoryboardName = LaunchScreen;
				INFOPLIST_KEY_UISupportedInterfaceOrientations_iPad = "UIInterfaceOrientationPortrait UIInterfaceOrientationPortraitUpsideDown UIInterfaceOrientationLandscapeLeft UIInterfaceOrientationLandscapeRight";
				INFOPLIST_KEY_UISupportedInterfaceOrientations_iPhone = "UIInterfaceOrientationPortrait UIInterfaceOrientationLandscapeLeft UIInterfaceOrientationLandscapeRight";
				LD_RUNPATH_SEARCH_PATHS = (
					"$(inherited)",
					"@executable_path/Frameworks",
				);
				MARKETING_VERSION = 1.0;
				PRODUCT_BUNDLE_IDENTIFIER = k.DataStoreApp;
				PRODUCT_NAME = "$(TARGET_NAME)";
				SWIFT_EMIT_LOC_STRINGS = YES;
				SWIFT_VERSION = 5.0;
				TARGETED_DEVICE_FAMILY = "1,2";
			};
			name = Release;
		};
/* End XCBuildConfiguration section */

/* Begin XCConfigurationList section */
		043FE3CC28BFAC3600801CCA /* Build configuration list for PBXProject "DataStoreApp" */ = {
			isa = XCConfigurationList;
			buildConfigurations = (
				043FE3E328BFAC5000801CCA /* Debug */,
				043FE3E428BFAC5000801CCA /* Release */,
			);
			defaultConfigurationIsVisible = 0;
			defaultConfigurationName = Release;
		};
		043FE3E528BFAC5000801CCA /* Build configuration list for PBXNativeTarget "DataStoreApp" */ = {
			isa = XCConfigurationList;
			buildConfigurations = (
				043FE3E628BFAC5000801CCA /* Debug */,
				043FE3E728BFAC5000801CCA /* Release */,
			);
			defaultConfigurationIsVisible = 0;
			defaultConfigurationName = Release;
		};
/* End XCConfigurationList section */

/* Begin XCRemoteSwiftPackageReference section */
		04BBE9DC28BFAF1D002CE6AA /* XCRemoteSwiftPackageReference "realm-swift" */ = {
			isa = XCRemoteSwiftPackageReference;
			repositoryURL = "https://github.com/realm/realm-swift.git";
			requirement = {
				branch = master;
				kind = branch;
			};
		};
/* End XCRemoteSwiftPackageReference section */

/* Begin XCSwiftPackageProductDependency section */
		04BBE9DD28BFAF1D002CE6AA /* Realm */ = {
			isa = XCSwiftPackageProductDependency;
			package = 04BBE9DC28BFAF1D002CE6AA /* XCRemoteSwiftPackageReference "realm-swift" */;
			productName = Realm;
		};
		04BBE9DF28BFAF1D002CE6AA /* RealmSwift */ = {
			isa = XCSwiftPackageProductDependency;
			package = 04BBE9DC28BFAF1D002CE6AA /* XCRemoteSwiftPackageReference "realm-swift" */;
			productName = RealmSwift;
		};
/* End XCSwiftPackageProductDependency section */
	};
	rootObject = 043FE3C928BFAC3600801CCA /* Project object */;
}
